
Microsoft Visual Studio Solution File, Format Version 12.00
# Visual Studio Version 16
VisualStudioVersion = 16.0.31729.503
MinimumVisualStudioVersion = 10.0.40219.1
Project("{2150E333-8FDC-42A3-9474-1A3956D46DE8}") = "App", "App", "{9E179D81-4286-4DC1-9534-7BB3A629D592}"
EndProject
Project("{2150E333-8FDC-42A3-9474-1A3956D46DE8}") = "DataAccess", "DataAccess", "{40FE9033-CDCC-40D2-8409-837C167EAF24}"
EndProject
Project("{2150E333-8FDC-42A3-9474-1A3956D46DE8}") = "Service", "Service", "{C5B00EF6-9AF6-46F6-966F-4650C7E4550E}"
EndProject
Project("{9A19103F-16F7-4668-BE54-9A1E7A4F7556}") = "RoomExpenseBookApp.DataAccess", "RoomExpenseBookApp.DataAccess\RoomExpenseBookApp.DataAccess.csproj", "{F62244D9-7C36-4B48-B97F-115DA9CE216D}"
EndProject
Project("{9A19103F-16F7-4668-BE54-9A1E7A4F7556}") = "RoomExpenseBookApp.Service", "RoomExpenseBookApp.Service\RoomExpenseBookApp.Service.csproj", "{719C06CB-38A8-4C97-AA5A-102F7F5D488C}"
EndProject
Project("{9A19103F-16F7-4668-BE54-9A1E7A4F7556}") = "RoomExpenseBookApp.App", "RoomExpenseBookApp.App\RoomExpenseBookApp.App.csproj", "{7448F84D-3720-46F0-85AB-AC27D028F893}"
EndProject
Project("{9A19103F-16F7-4668-BE54-9A1E7A4F7556}") = "RoomExpenseBookApp.Entities", "RoomExpenseBookApp.Entities\RoomExpenseBookApp.Entities.csproj", "{DEF8AF41-16EC-4D7D-B0CA-B9CDFD6E117F}"
EndProject
Project("{2150E333-8FDC-42A3-9474-1A3956D46DE8}") = "Entities", "Entities", "{A8A66611-1F57-4E9F-B15D-476FA85280BC}"
EndProject
Global
	GlobalSection(SolutionConfigurationPlatforms) = preSolution
		Debug|Any CPU = Debug|Any CPU
		Release|Any CPU = Release|Any CPU
	EndGlobalSection
	GlobalSection(ProjectConfigurationPlatforms) = postSolution
		{F62244D9-7C36-4B48-B97F-115DA9CE216D}.Debug|Any CPU.ActiveCfg = Debug|Any CPU
		{F62244D9-7C36-4B48-B97F-115DA9CE216D}.Debug|Any CPU.Build.0 = Debug|Any CPU
		{F62244D9-7C36-4B48-B97F-115DA9CE216D}.Release|Any CPU.ActiveCfg = Release|Any CPU
		{F62244D9-7C36-4B48-B97F-115DA9CE216D}.Release|Any CPU.Build.0 = Release|Any CPU
		{719C06CB-38A8-4C97-AA5A-102F7F5D488C}.Debug|Any CPU.ActiveCfg = Debug|Any CPU
		{719C06CB-38A8-4C97-AA5A-102F7F5D488C}.Debug|Any CPU.Build.0 = Debug|Any CPU
		{719C06CB-38A8-4C97-AA5A-102F7F5D488C}.Release|Any CPU.ActiveCfg = Release|Any CPU
		{719C06CB-38A8-4C97-AA5A-102F7F5D488C}.Release|Any CPU.Build.0 = Release|Any CPU
		{7448F84D-3720-46F0-85AB-AC27D028F893}.Debug|Any CPU.ActiveCfg = Debug|Any CPU
		{7448F84D-3720-46F0-85AB-AC27D028F893}.Debug|Any CPU.Build.0 = Debug|Any CPU
		{7448F84D-3720-46F0-85AB-AC27D028F893}.Release|Any CPU.ActiveCfg = Release|Any CPU
		{7448F84D-3720-46F0-85AB-AC27D028F893}.Release|Any CPU.Build.0 = Release|Any CPU
		{DEF8AF41-16EC-4D7D-B0CA-B9CDFD6E117F}.Debug|Any CPU.ActiveCfg = Debug|Any CPU
		{DEF8AF41-16EC-4D7D-B0CA-B9CDFD6E117F}.Debug|Any CPU.Build.0 = Debug|Any CPU
		{DEF8AF41-16EC-4D7D-B0CA-B9CDFD6E117F}.Release|Any CPU.ActiveCfg = Release|Any CPU
		{DEF8AF41-16EC-4D7D-B0CA-B9CDFD6E117F}.Release|Any CPU.Build.0 = Release|Any CPU
	EndGlobalSection
	GlobalSection(SolutionProperties) = preSolution
		HideSolutionNode = FALSE
	EndGlobalSection
	GlobalSection(NestedProjects) = preSolution
		{F62244D9-7C36-4B48-B97F-115DA9CE216D} = {40FE9033-CDCC-40D2-8409-837C167EAF24}
		{719C06CB-38A8-4C97-AA5A-102F7F5D488C} = {C5B00EF6-9AF6-46F6-966F-4650C7E4550E}
		{7448F84D-3720-46F0-85AB-AC27D028F893} = {9E179D81-4286-4DC1-9534-7BB3A629D592}
		{DEF8AF41-16EC-4D7D-B0CA-B9CDFD6E117F} = {A8A66611-1F57-4E9F-B15D-476FA85280BC}
	EndGlobalSection
	GlobalSection(ExtensibilityGlobals) = postSolution
		SolutionGuid = {DAC5E176-F260-4BA9-8489-18B78AE815A1}
	EndGlobalSection
EndGlobal
